
Microsoft Visual Studio Solution File, Format Version 12.00
# Visual Studio 15
VisualStudioVersion = 15.0.27004.2006
MinimumVisualStudioVersion = 10.0.40219.1
Project("{FAE04EC0-301F-11D3-BF4B-00C04F79EFBC}") = "iBCN", "iBCN\iBCN.csproj", "{FC8A3E3B-05C9-464B-84F7-7EDF1C6DCCAB}"
EndProject
Project("{FAE04EC0-301F-11D3-BF4B-00C04F79EFBC}") = "iBCNTests", "iBCNTests\iBCNTests.csproj", "{5FCB1F80-CCCA-4AA8-A5B8-EA4C64A6C8E7}"
EndProject
Project("{FAE04EC0-301F-11D3-BF4B-00C04F79EFBC}") = "iBCNLinkLayer", "iBCNLink\iBCNLinkLayer.csproj", "{E40B8D4B-46CE-4C1C-BDA3-33D18CEB3B3B}"
EndProject
Global
	GlobalSection(SolutionConfigurationPlatforms) = preSolution
		Debug|Any CPU = Debug|Any CPU
		Release|Any CPU = Release|Any CPU
	EndGlobalSection
	GlobalSection(ProjectConfigurationPlatforms) = postSolution
		{FC8A3E3B-05C9-464B-84F7-7EDF1C6DCCAB}.Debug|Any CPU.ActiveCfg = Debug|Any CPU
		{FC8A3E3B-05C9-464B-84F7-7EDF1C6DCCAB}.Debug|Any CPU.Build.0 = Debug|Any CPU
		{FC8A3E3B-05C9-464B-84F7-7EDF1C6DCCAB}.Release|Any CPU.ActiveCfg = Release|Any CPU
		{FC8A3E3B-05C9-464B-84F7-7EDF1C6DCCAB}.Release|Any CPU.Build.0 = Release|Any CPU
		{5FCB1F80-CCCA-4AA8-A5B8-EA4C64A6C8E7}.Debug|Any CPU.ActiveCfg = Debug|Any CPU
		{5FCB1F80-CCCA-4AA8-A5B8-EA4C64A6C8E7}.Debug|Any CPU.Build.0 = Debug|Any CPU
		{5FCB1F80-CCCA-4AA8-A5B8-EA4C64A6C8E7}.Release|Any CPU.ActiveCfg = Release|Any CPU
		{5FCB1F80-CCCA-4AA8-A5B8-EA4C64A6C8E7}.Release|Any CPU.Build.0 = Release|Any CPU
		{E40B8D4B-46CE-4C1C-BDA3-33D18CEB3B3B}.Debug|Any CPU.ActiveCfg = Debug|Any CPU
		{E40B8D4B-46CE-4C1C-BDA3-33D18CEB3B3B}.Debug|Any CPU.Build.0 = Debug|Any CPU
		{E40B8D4B-46CE-4C1C-BDA3-33D18CEB3B3B}.Release|Any CPU.ActiveCfg = Release|Any CPU
		{E40B8D4B-46CE-4C1C-BDA3-33D18CEB3B3B}.Release|Any CPU.Build.0 = Release|Any CPU
	EndGlobalSection
	GlobalSection(SolutionProperties) = preSolution
		HideSolutionNode = FALSE
	EndGlobalSection
	GlobalSection(ExtensibilityGlobals) = postSolution
		SolutionGuid = {4F4C66C9-3024-4FEF-8EAD-38B89FBD2011}
	EndGlobalSection
EndGlobal
